Microsoft Visual Studio Solution File, Format Version 11.00
# Visual Studio 2008

Project("{5FCAAD9B-6108-E350-5087-BED3BFF79B47}") = "MegaRunner", "Assembly-CSharp.csproj", "{D17C5C21-6BC1-647C-21D1-EA5E7AFF0243}"
EndProject
Global
	GlobalSection(SolutionConfigurationPlatforms) = preSolution
		Debug|Any CPU = Debug|Any CPU
		Release|Any CPU = Release|Any CPU
	EndGlobalSection
	GlobalSection(ProjectConfigurationPlatforms) = postSolution
		{D17C5C21-6BC1-647C-21D1-EA5E7AFF0243}.Debug|Any CPU.ActiveCfg = Debug|Any CPU
		{D17C5C21-6BC1-647C-21D1-EA5E7AFF0243}.Debug|Any CPU.Build.0 = Debug|Any CPU
		{D17C5C21-6BC1-647C-21D1-EA5E7AFF0243}.Release|Any CPU.ActiveCfg = Release|Any CPU
		{D17C5C21-6BC1-647C-21D1-EA5E7AFF0243}.Release|Any CPU.Build.0 = Release|Any CPU
	EndGlobalSection
	GlobalSection(SolutionProperties) = preSolution
		HideSolutionNode = FALSE
	EndGlobalSection
	GlobalSection(MonoDevelopProperties) = preSolution
		StartupItem = Assembly-CSharp.csproj
	EndGlobalSection
EndGlobal
